
Microsoft Visual Studio Solution File, Format Version 12.00
# Visual Studio 2013
VisualStudioVersion = 12.0.31101.0
MinimumVisualStudioVersion = 10.0.40219.1
Project("{FAE04EC0-301F-11D3-BF4B-00C04F79EFBC}") = "Hook", "Common\Hook\Hook.csproj", "{E111128F-45B9-440F-9836-7F3092149C31}"
EndProject
Project("{2150E333-8FDC-42A3-9474-1A3956D46DE8}") = "Common", "Common", "{9AAB0327-D596-4E3E-BD29-63E00815AB6B}"
EndProject
Project("{2150E333-8FDC-42A3-9474-1A3956D46DE8}") = "WinLock", "WinLock", "{B01D59A2-83E9-49C4-BC53-64C498D029F2}"
EndProject
Project("{2150E333-8FDC-42A3-9474-1A3956D46DE8}") = "Engine", "Engine", "{0F7C82AF-F2FF-4168-9404-EC71505D6652}"
EndProject
Project("{2150E333-8FDC-42A3-9474-1A3956D46DE8}") = "Interfaces", "Interfaces", "{9F654BD2-F793-41F3-A836-D8262F2697CF}"
EndProject
Project("{FAE04EC0-301F-11D3-BF4B-00C04F79EFBC}") = "LockerEngine", "WinLock\Engine\LockerEngine.csproj", "{9D7C3F1F-0D64-4CDA-8F32-4FC36D0C5E55}"
EndProject
Project("{FAE04EC0-301F-11D3-BF4B-00C04F79EFBC}") = "BabyLock", "WinLock\Interfaces\BabyLock\BabyLock.csproj", "{96987647-724F-4E3B-83E2-FFEC887063D3}"
EndProject
Project("{FAE04EC0-301F-11D3-BF4B-00C04F79EFBC}") = "InputLocker", "WinLock\Interfaces\InputLocker\InputLocker.csproj", "{9310CD30-387D-4D5D-A64B-5A1F8017A7FB}"
EndProject
Global
	GlobalSection(SolutionConfigurationPlatforms) = preSolution
		Debug|Any CPU = Debug|Any CPU
		Debug|x64 = Debug|x64
		Debug|x86 = Debug|x86
		Release|Any CPU = Release|Any CPU
		Release|x64 = Release|x64
		Release|x86 = Release|x86
	EndGlobalSection
	GlobalSection(ProjectConfigurationPlatforms) = postSolution
		{E111128F-45B9-440F-9836-7F3092149C31}.Debug|Any CPU.ActiveCfg = Debug|Any CPU
		{E111128F-45B9-440F-9836-7F3092149C31}.Debug|Any CPU.Build.0 = Debug|Any CPU
		{E111128F-45B9-440F-9836-7F3092149C31}.Debug|x64.ActiveCfg = Debug|x64
		{E111128F-45B9-440F-9836-7F3092149C31}.Debug|x64.Build.0 = Debug|x64
		{E111128F-45B9-440F-9836-7F3092149C31}.Debug|x86.ActiveCfg = Debug|x86
		{E111128F-45B9-440F-9836-7F3092149C31}.Debug|x86.Build.0 = Debug|x86
		{E111128F-45B9-440F-9836-7F3092149C31}.Release|Any CPU.ActiveCfg = Release|Any CPU
		{E111128F-45B9-440F-9836-7F3092149C31}.Release|Any CPU.Build.0 = Release|Any CPU
		{E111128F-45B9-440F-9836-7F3092149C31}.Release|x64.ActiveCfg = Release|x64
		{E111128F-45B9-440F-9836-7F3092149C31}.Release|x64.Build.0 = Release|x64
		{E111128F-45B9-440F-9836-7F3092149C31}.Release|x86.ActiveCfg = Release|x86
		{E111128F-45B9-440F-9836-7F3092149C31}.Release|x86.Build.0 = Release|x86
		{9D7C3F1F-0D64-4CDA-8F32-4FC36D0C5E55}.Debug|Any CPU.ActiveCfg = Debug|Any CPU
		{9D7C3F1F-0D64-4CDA-8F32-4FC36D0C5E55}.Debug|Any CPU.Build.0 = Debug|Any CPU
		{9D7C3F1F-0D64-4CDA-8F32-4FC36D0C5E55}.Debug|x64.ActiveCfg = Debug|x64
		{9D7C3F1F-0D64-4CDA-8F32-4FC36D0C5E55}.Debug|x64.Build.0 = Debug|x64
		{9D7C3F1F-0D64-4CDA-8F32-4FC36D0C5E55}.Debug|x86.ActiveCfg = Debug|x86
		{9D7C3F1F-0D64-4CDA-8F32-4FC36D0C5E55}.Debug|x86.Build.0 = Debug|x86
		{9D7C3F1F-0D64-4CDA-8F32-4FC36D0C5E55}.Release|Any CPU.ActiveCfg = Release|Any CPU
		{9D7C3F1F-0D64-4CDA-8F32-4FC36D0C5E55}.Release|Any CPU.Build.0 = Release|Any CPU
		{9D7C3F1F-0D64-4CDA-8F32-4FC36D0C5E55}.Release|x64.ActiveCfg = Release|x64
		{9D7C3F1F-0D64-4CDA-8F32-4FC36D0C5E55}.Release|x64.Build.0 = Release|x64
		{9D7C3F1F-0D64-4CDA-8F32-4FC36D0C5E55}.Release|x86.ActiveCfg = Release|x86
		{9D7C3F1F-0D64-4CDA-8F32-4FC36D0C5E55}.Release|x86.Build.0 = Release|x86
		{96987647-724F-4E3B-83E2-FFEC887063D3}.Debug|Any CPU.ActiveCfg = Debug|Any CPU
		{96987647-724F-4E3B-83E2-FFEC887063D3}.Debug|Any CPU.Build.0 = Debug|Any CPU
		{96987647-724F-4E3B-83E2-FFEC887063D3}.Debug|x64.ActiveCfg = Debug|x64
		{96987647-724F-4E3B-83E2-FFEC887063D3}.Debug|x64.Build.0 = Debug|x64
		{96987647-724F-4E3B-83E2-FFEC887063D3}.Debug|x86.ActiveCfg = Debug|x86
		{96987647-724F-4E3B-83E2-FFEC887063D3}.Debug|x86.Build.0 = Debug|x86
		{96987647-724F-4E3B-83E2-FFEC887063D3}.Release|Any CPU.ActiveCfg = Release|Any CPU
		{96987647-724F-4E3B-83E2-FFEC887063D3}.Release|Any CPU.Build.0 = Release|Any CPU
		{96987647-724F-4E3B-83E2-FFEC887063D3}.Release|x64.ActiveCfg = Release|x64
		{96987647-724F-4E3B-83E2-FFEC887063D3}.Release|x64.Build.0 = Release|x64
		{96987647-724F-4E3B-83E2-FFEC887063D3}.Release|x86.ActiveCfg = Release|x86
		{96987647-724F-4E3B-83E2-FFEC887063D3}.Release|x86.Build.0 = Release|x86
		{9310CD30-387D-4D5D-A64B-5A1F8017A7FB}.Debug|Any CPU.ActiveCfg = Debug|Any CPU
		{9310CD30-387D-4D5D-A64B-5A1F8017A7FB}.Debug|Any CPU.Build.0 = Debug|Any CPU
		{9310CD30-387D-4D5D-A64B-5A1F8017A7FB}.Debug|x64.ActiveCfg = Debug|Any CPU
		{9310CD30-387D-4D5D-A64B-5A1F8017A7FB}.Debug|x86.ActiveCfg = Debug|x86
		{9310CD30-387D-4D5D-A64B-5A1F8017A7FB}.Debug|x86.Build.0 = Debug|x86
		{9310CD30-387D-4D5D-A64B-5A1F8017A7FB}.Release|Any CPU.ActiveCfg = Release|Any CPU
		{9310CD30-387D-4D5D-A64B-5A1F8017A7FB}.Release|Any CPU.Build.0 = Release|Any CPU
		{9310CD30-387D-4D5D-A64B-5A1F8017A7FB}.Release|x64.ActiveCfg = Release|Any CPU
		{9310CD30-387D-4D5D-A64B-5A1F8017A7FB}.Release|x86.ActiveCfg = Release|x86
		{9310CD30-387D-4D5D-A64B-5A1F8017A7FB}.Release|x86.Build.0 = Release|x86
	EndGlobalSection
	GlobalSection(SolutionProperties) = preSolution
		HideSolutionNode = FALSE
	EndGlobalSection
	GlobalSection(NestedProjects) = preSolution
		{E111128F-45B9-440F-9836-7F3092149C31} = {9AAB0327-D596-4E3E-BD29-63E00815AB6B}
		{0F7C82AF-F2FF-4168-9404-EC71505D6652} = {B01D59A2-83E9-49C4-BC53-64C498D029F2}
		{9F654BD2-F793-41F3-A836-D8262F2697CF} = {B01D59A2-83E9-49C4-BC53-64C498D029F2}
		{9D7C3F1F-0D64-4CDA-8F32-4FC36D0C5E55} = {0F7C82AF-F2FF-4168-9404-EC71505D6652}
		{96987647-724F-4E3B-83E2-FFEC887063D3} = {9F654BD2-F793-41F3-A836-D8262F2697CF}
		{9310CD30-387D-4D5D-A64B-5A1F8017A7FB} = {9F654BD2-F793-41F3-A836-D8262F2697CF}
	EndGlobalSection
EndGlobal
